
Microsoft Visual Studio Solution File, Format Version 12.00
# Visual Studio Version 17
VisualStudioVersion = 17.7.34018.315
MinimumVisualStudioVersion = 10.0.40219.1
Project("{FAE04EC0-301F-11D3-BF4B-00C04F79EFBC}") = "DataAccess", "DataAccess\DataAccess.csproj", "{B2FEA492-1FB6-4ECB-BFDE-D1C9B94B2906}"
EndProject
Project("{FAE04EC0-301F-11D3-BF4B-00C04F79EFBC}") = "WebApi", "WebApi\WebApi.csproj", "{24238655-416F-482C-945F-7B5F06386C1A}"
EndProject
Global
	GlobalSection(SolutionConfigurationPlatforms) = preSolution
		Debug|Any CPU = Debug|Any CPU
		Release|Any CPU = Release|Any CPU
	EndGlobalSection
	GlobalSection(ProjectConfigurationPlatforms) = postSolution
		{B2FEA492-1FB6-4ECB-BFDE-D1C9B94B2906}.Debug|Any CPU.ActiveCfg = Debug|Any CPU
		{B2FEA492-1FB6-4ECB-BFDE-D1C9B94B2906}.Debug|Any CPU.Build.0 = Debug|Any CPU
		{B2FEA492-1FB6-4ECB-BFDE-D1C9B94B2906}.Release|Any CPU.ActiveCfg = Release|Any CPU
		{B2FEA492-1FB6-4ECB-BFDE-D1C9B94B2906}.Release|Any CPU.Build.0 = Release|Any CPU
		{24238655-416F-482C-945F-7B5F06386C1A}.Debug|Any CPU.ActiveCfg = Debug|Any CPU
		{24238655-416F-482C-945F-7B5F06386C1A}.Debug|Any CPU.Build.0 = Debug|Any CPU
		{24238655-416F-482C-945F-7B5F06386C1A}.Release|Any CPU.ActiveCfg = Release|Any CPU
		{24238655-416F-482C-945F-7B5F06386C1A}.Release|Any CPU.Build.0 = Release|Any CPU
	EndGlobalSection
	GlobalSection(SolutionProperties) = preSolution
		HideSolutionNode = FALSE
	EndGlobalSection
	GlobalSection(ExtensibilityGlobals) = postSolution
		SolutionGuid = {23E7307C-4BAD-431D-BC5E-2020D7ED5A6C}
	EndGlobalSection
EndGlobal
